{
  "version": 4,
  "terraform_version": "1.12.2",
  "serial": 51,
  "lineage": "98d1e093-02fb-e270-ed9f-d81e7118bfb4",
  "outputs": {
    "repository_clone_url": {
      "value": "https://github.com/opx-lab/opx.git",
      "type": "string"
    },
    "repository_ssh_clone_url": {
      "value": "git@github.com:opx-lab/opx.git",
      "type": "string"
    }
  },
  "resources": [
    {
      "mode": "managed",
      "type": "github_membership",
      "name": "brovakhin",
      "provider": "provider[\"registry.terraform.io/integrations/github\"]",
      "instances": [
        {
          "schema_version": 0,
          "attributes": {
            "downgrade_on_destroy": false,
            "etag": "W/\"85c453f79dcc49a569df8fbeb86371bf662473e370658768e9314b5988bad44f\"",
            "id": "opx-lab:brovakhin",
            "role": "admin",
            "username": "brovakhin"
          },
          "sensitive_attributes": [],
          "identity_schema_version": 0,
          "private": "bnVsbA=="
        }
      ]
    },
    {
      "mode": "managed",
      "type": "github_repository",
      "name": "opx",
      "provider": "provider[\"registry.terraform.io/integrations/github\"]",
      "instances": [
        {
          "schema_version": 1,
          "attributes": {
            "allow_auto_merge": false,
            "allow_merge_commit": true,
            "allow_rebase_merge": true,
            "allow_squash_merge": true,
            "allow_update_branch": false,
            "archive_on_destroy": null,
            "archived": false,
            "auto_init": true,
            "default_branch": "main",
            "delete_branch_on_merge": false,
            "description": "",
            "etag": "W/\"a7bcfc6d2025371ec65970f7c0d5307666fe80dd5d47f20d2604f530f1c8affe\"",
            "full_name": "opx-lab/opx",
            "git_clone_url": "git://github.com/opx-lab/opx.git",
            "gitignore_template": null,
            "has_discussions": false,
            "has_downloads": false,
            "has_issues": false,
            "has_projects": false,
            "has_wiki": false,
            "homepage_url": "",
            "html_url": "https://github.com/opx-lab/opx",
            "http_clone_url": "https://github.com/opx-lab/opx.git",
            "id": "opx",
            "ignore_vulnerability_alerts_during_read": null,
            "is_template": false,
            "license_template": null,
            "merge_commit_message": "PR_TITLE",
            "merge_commit_title": "MERGE_MESSAGE",
            "name": "opx",
            "node_id": "R_kgDOPENuOw",
            "pages": [],
            "primary_language": "HCL",
            "private": true,
            "repo_id": 1011052091,
            "security_and_analysis": [],
            "squash_merge_commit_message": "COMMIT_MESSAGES",
            "squash_merge_commit_title": "COMMIT_OR_PR_TITLE",
            "ssh_clone_url": "git@github.com:opx-lab/opx.git",
            "svn_url": "https://github.com/opx-lab/opx",
            "template": [],
            "topics": [],
            "visibility": "private",
            "vulnerability_alerts": false,
            "web_commit_signoff_required": false
          },
          "sensitive_attributes": [],
          "identity_schema_version": 0,
          "private": "eyJzY2hlbWFfdmVyc2lvbiI6IjEifQ=="
        }
      ]
    },
    {
      "mode": "managed",
      "type": "github_team",
      "name": "teams",
      "provider": "provider[\"registry.terraform.io/integrations/github\"]",
      "instances": [
        {
          "index_key": "admins",
          "schema_version": 0,
          "attributes": {
            "create_default_maintainer": false,
            "description": "admins team",
            "etag": "W/\"4ab0f0191dd085f67e64cdc2fe64b1985bff2e2af8807802e26d558e009a8e3c\"",
            "id": "13442283",
            "ldap_dn": "",
            "members_count": 1,
            "name": "admins",
            "node_id": "T_kwDODQGZms4AzRzr",
            "parent_team_id": "",
            "parent_team_read_id": "",
            "parent_team_read_slug": "",
            "privacy": "closed",
            "slug": "admins"
          },
          "sensitive_attributes": [],
          "identity_schema_version": 0,
          "private": "bnVsbA=="
        },
        {
          "index_key": "developers",
          "schema_version": 0,
          "attributes": {
            "create_default_maintainer": false,
            "description": "developers team",
            "etag": "W/\"76929708850c4f405ddec50d0471deb118063af4fb7ba4cacacdb5d738dca909\"",
            "id": "13442281",
            "ldap_dn": "",
            "members_count": 0,
            "name": "developers",
            "node_id": "T_kwDODQGZms4AzRzp",
            "parent_team_id": "",
            "parent_team_read_id": "",
            "parent_team_read_slug": "",
            "privacy": "closed",
            "slug": "developers"
          },
          "sensitive_attributes": [],
          "identity_schema_version": 0,
          "private": "bnVsbA=="
        },
        {
          "index_key": "secops",
          "schema_version": 0,
          "attributes": {
            "create_default_maintainer": false,
            "description": "secops team",
            "etag": "W/\"43fa96fb001111afb203c02ff62416ef39e9cff1f65e9bad199657d0127f3624\"",
            "id": "13442282",
            "ldap_dn": "",
            "members_count": 0,
            "name": "secops",
            "node_id": "T_kwDODQGZms4AzRzq",
            "parent_team_id": "",
            "parent_team_read_id": "",
            "parent_team_read_slug": "",
            "privacy": "closed",
            "slug": "secops"
          },
          "sensitive_attributes": [],
          "identity_schema_version": 0,
          "private": "bnVsbA=="
        }
      ]
    },
    {
      "mode": "managed",
      "type": "github_team_membership",
      "name": "memberships",
      "provider": "provider[\"registry.terraform.io/integrations/github\"]",
      "instances": [
        {
          "index_key": "developers-walaszek",
          "schema_version": 0,
          "attributes": {
            "etag": "W/\"a2a6e5c8bc8ce92c55ac34eb74ce9fcfc292b8bdec2ff8b239aa051461f4cda4\"",
            "id": "13442281:walaszek",
            "role": "member",
            "team_id": "13442281",
            "username": "walaszek"
          },
          "sensitive_attributes": [],
          "identity_schema_version": 0,
          "private": "bnVsbA==",
          "dependencies": [
            "github_team.teams"
          ]
        },
        {
          "index_key": "secops-sectester",
          "schema_version": 0,
          "attributes": {
            "etag": "W/\"3891028d8ee2ee440a94383d0d6875fd1ebc579dd05472f1fcca3bfdad100011\"",
            "id": "13442282:sectester",
            "role": "member",
            "team_id": "13442282",
            "username": "sectester"
          },
          "sensitive_attributes": [],
          "identity_schema_version": 0,
          "private": "bnVsbA==",
          "dependencies": [
            "github_team.teams"
          ]
        }
      ]
    }
  ],
  "check_results": null
}
